{
  "name": "pancard",
  "version": "1.0.7",
  "lockfileVersion": 3,
  "requires": true,
  "packages": {
    "": {
      "name": "pancard",
      "version": "1.0.7",
      "license": "MIT",
      "dependencies": {
        "pancard": "file:"
      }
    },
    "node_modules/pancard": {
      "resolved": "",
      "link": true
    }
  }
}
